lockfileVersion: '9.0'

settings:
  autoInstallPeers: true
  excludeLinksFromLockfile: false

importers:
  .:
    dependencies:
      '@hono/node-server':
        specifier: ^1.11.1
        version: 1.19.13(hono@4.12.12)
      eta:
        specifier: ^3.4.0
        version: 3.5.0
      hono:
        specifier: ^4.4.2
        version: 4.12.12

packages:
  '@hono/node-server@1.19.13':
    resolution:
      {
        integrity: sha512-TsQLe4i2gvoTtrHje625ngThGBySOgSK3Xo2XRYOdqGN1teR8+I7vchQC46uLJi8OF62YTYA3AhSpumtkhsaKQ==,
      }
    engines: { node: '>=18.14.1' }
    peerDependencies:
      hono: ^4

  eta@3.5.0:
    resolution:
      {
        integrity: sha512-e3x3FBvGzeCIHhF+zhK8FZA2vC5uFn6b4HJjegUbIWrDb4mJ7JjTGMJY9VGIbRVpmSwHopNiaJibhjIr+HfLug==,
      }
    engines: { node: '>=6.0.0' }

  hono@4.12.12:
    resolution:
      {
        integrity: sha512-p1JfQMKaceuCbpJKAPKVqyqviZdS0eUxH9v82oWo1kb9xjQ5wA6iP3FNVAPDFlz5/p7d45lO+BpSk1tuSZMF4Q==,
      }
    engines: { node: '>=16.9.0' }

snapshots:
  '@hono/node-server@1.19.13(hono@4.12.12)':
    dependencies:
      hono: 4.12.12

  eta@3.5.0: {}

  hono@4.12.12: {}
